
Microsoft Visual Studio Solution File, Format Version 12.00
# Visual Studio Version 17
VisualStudioVersion = 17.6.33829.357
MinimumVisualStudioVersion = 10.0.40219.1
Project("{FAE04EC0-301F-11D3-BF4B-00C04F79EFBC}") = "Backend.VanPhongPham.API", "Backend.VanPhongPham.API\Backend.VanPhongPham.API.csproj", "{CCB3510F-DF68-4B2C-83F0-6000C453AFA7}"
EndProject
Global
	GlobalSection(SolutionConfigurationPlatforms) = preSolution
		Debug|Any CPU = Debug|Any CPU
		Release|Any CPU = Release|Any CPU
	EndGlobalSection
	GlobalSection(ProjectConfigurationPlatforms) = postSolution
		{CCB3510F-DF68-4B2C-83F0-6000C453AFA7}.Debug|Any CPU.ActiveCfg = Debug|Any CPU
		{CCB3510F-DF68-4B2C-83F0-6000C453AFA7}.Debug|Any CPU.Build.0 = Debug|Any CPU
		{CCB3510F-DF68-4B2C-83F0-6000C453AFA7}.Release|Any CPU.ActiveCfg = Release|Any CPU
		{CCB3510F-DF68-4B2C-83F0-6000C453AFA7}.Release|Any CPU.Build.0 = Release|Any CPU
	EndGlobalSection
	GlobalSection(SolutionProperties) = preSolution
		HideSolutionNode = FALSE
	EndGlobalSection
	GlobalSection(ExtensibilityGlobals) = postSolution
		SolutionGuid = {EE7CCF2C-978E-4745-9D63-C20385EAEA90}
	EndGlobalSection
EndGlobal
